PODS:
  - app_back (0.0.1):
    - Flutter
  - Flutter (1.0.0)

DEPENDENCIES:
  - app_back (from `.symlinks/plugins/app_back/ios`)
  - Flutter (from `Flutter`)

EXTERNAL SOURCES:
  app_back:
    :path: ".symlinks/plugins/app_back/ios"
  Flutter:
    :path: Flutter

SPEC CHECKSUMS:
  app_back: 561630f7fd77fcaa71e8437a593c74aa5e042ad4
  Flutter: 0e3d915762c693b495b44d77113d4970485de6ec

PODFILE CHECKSUM: c34e2287a9ccaa606aeceab922830efb9a6ff69a

COCOAPODS: 1.8.4
